
Microsoft Visual Studio Solution File, Format Version 12.00
# Visual Studio Version 16
VisualStudioVersion = 16.0.32002.261
MinimumVisualStudioVersion = 10.0.40219.1
Project("{FAE04EC0-301F-11D3-BF4B-00C04F79EFBC}") = "CommunicationTechnology", "CommunicationTechnology\CommunicationTechnology.csproj", "{7FCFE7BA-9C34-4494-BB3D-6F988409F97C}"
EndProject
Project("{FAE04EC0-301F-11D3-BF4B-00C04F79EFBC}") = "StringCheckLibrary", "StringCheckLibrary\StringCheckLibrary.csproj", "{8BA0FF2B-FA46-46E2-BD76-E4645135C2C7}"
EndProject
Global
	GlobalSection(SolutionConfigurationPlatforms) = preSolution
		Debug|Any CPU = Debug|Any CPU
		Release|Any CPU = Release|Any CPU
	EndGlobalSection
	GlobalSection(ProjectConfigurationPlatforms) = postSolution
		{7FCFE7BA-9C34-4494-BB3D-6F988409F97C}.Debug|Any CPU.ActiveCfg = Debug|Any CPU
		{7FCFE7BA-9C34-4494-BB3D-6F988409F97C}.Debug|Any CPU.Build.0 = Debug|Any CPU
		{7FCFE7BA-9C34-4494-BB3D-6F988409F97C}.Release|Any CPU.ActiveCfg = Release|Any CPU
		{7FCFE7BA-9C34-4494-BB3D-6F988409F97C}.Release|Any CPU.Build.0 = Release|Any CPU
		{8BA0FF2B-FA46-46E2-BD76-E4645135C2C7}.Debug|Any CPU.ActiveCfg = Debug|Any CPU
		{8BA0FF2B-FA46-46E2-BD76-E4645135C2C7}.Debug|Any CPU.Build.0 = Debug|Any CPU
		{8BA0FF2B-FA46-46E2-BD76-E4645135C2C7}.Release|Any CPU.ActiveCfg = Release|Any CPU
		{8BA0FF2B-FA46-46E2-BD76-E4645135C2C7}.Release|Any CPU.Build.0 = Release|Any CPU
	EndGlobalSection
	GlobalSection(SolutionProperties) = preSolution
		HideSolutionNode = FALSE
	EndGlobalSection
	GlobalSection(ExtensibilityGlobals) = postSolution
		SolutionGuid = {D34B07EA-ECDC-482E-8B99-D69660C7DCAF}
	EndGlobalSection
EndGlobal
